
Microsoft Visual Studio Solution File, Format Version 12.00
# Visual Studio 2012
Project("{FAE04EC0-301F-11D3-BF4B-00C04F79EFBC}") = "01.Quicksort", "01.Quicksort\01.Quicksort.csproj", "{E309FD03-AD09-474B-B03C-5B9D0779D435}"
EndProject
Global
	GlobalSection(SolutionConfigurationPlatforms) = preSolution
		Debug|x86 = Debug|x86
		Release|x86 = Release|x86
	EndGlobalSection
	GlobalSection(ProjectConfigurationPlatforms) = postSolution
		{E309FD03-AD09-474B-B03C-5B9D0779D435}.Debug|x86.ActiveCfg = Debug|x86
		{E309FD03-AD09-474B-B03C-5B9D0779D435}.Debug|x86.Build.0 = Debug|x86
		{E309FD03-AD09-474B-B03C-5B9D0779D435}.Release|x86.ActiveCfg = Release|x86
		{E309FD03-AD09-474B-B03C-5B9D0779D435}.Release|x86.Build.0 = Release|x86
	EndGlobalSection
EndGlobal
