
Microsoft Visual Studio Solution File, Format Version 12.00
# Visual Studio 15
VisualStudioVersion = 15.0.26730.10
MinimumVisualStudioVersion = 10.0.40219.1
Project("{FAE04EC0-301F-11D3-BF4B-00C04F79EFBC}") = "05.Medians", "05.Medians\05.Medians.csproj", "{6357AEF4-0DE5-4480-87AB-E34EC312F353}"
EndProject
Project("{FAE04EC0-301F-11D3-BF4B-00C04F79EFBC}") = "07.Flies", "07.Flies\07.Flies.csproj", "{CEE5FA9C-4159-4ACB-8D6B-FAC77729B6C7}"
EndProject
Global
	GlobalSection(SolutionConfigurationPlatforms) = preSolution
		Debug|Any CPU = Debug|Any CPU
		Release|Any CPU = Release|Any CPU
	EndGlobalSection
	GlobalSection(ProjectConfigurationPlatforms) = postSolution
		{6357AEF4-0DE5-4480-87AB-E34EC312F353}.Debug|Any CPU.ActiveCfg = Debug|Any CPU
		{6357AEF4-0DE5-4480-87AB-E34EC312F353}.Debug|Any CPU.Build.0 = Debug|Any CPU
		{6357AEF4-0DE5-4480-87AB-E34EC312F353}.Release|Any CPU.ActiveCfg = Release|Any CPU
		{6357AEF4-0DE5-4480-87AB-E34EC312F353}.Release|Any CPU.Build.0 = Release|Any CPU
		{CEE5FA9C-4159-4ACB-8D6B-FAC77729B6C7}.Debug|Any CPU.ActiveCfg = Debug|Any CPU
		{CEE5FA9C-4159-4ACB-8D6B-FAC77729B6C7}.Debug|Any CPU.Build.0 = Debug|Any CPU
		{CEE5FA9C-4159-4ACB-8D6B-FAC77729B6C7}.Release|Any CPU.ActiveCfg = Release|Any CPU
		{CEE5FA9C-4159-4ACB-8D6B-FAC77729B6C7}.Release|Any CPU.Build.0 = Release|Any CPU
	EndGlobalSection
	GlobalSection(SolutionProperties) = preSolution
		HideSolutionNode = FALSE
	EndGlobalSection
	GlobalSection(ExtensibilityGlobals) = postSolution
		SolutionGuid = {DA98760A-0B0F-4AE3-A3A5-866BDCF7A55F}
	EndGlobalSection
EndGlobal
