
Microsoft Visual Studio Solution File, Format Version 12.00
# Visual Studio 14
VisualStudioVersion = 14.0.25420.1
MinimumVisualStudioVersion = 10.0.40219.1
Project("{FAE04EC0-301F-11D3-BF4B-00C04F79EFBC}") = "01.OrdersSystem", "01.OrdersSystem\01.OrdersSystem.csproj", "{2D763AE5-D41B-4ED3-B531-20D6A9778714}"
EndProject
Project("{FAE04EC0-301F-11D3-BF4B-00C04F79EFBC}") = "03.AquaPark", "03.AquaPark\03.AquaPark.csproj", "{0073CC16-1F4F-4A57-9FDD-A29E7EBEFB1A}"
EndProject
Project("{FAE04EC0-301F-11D3-BF4B-00C04F79EFBC}") = "02.DogLovesPaper", "02.DogLovesPaper\02.DogLovesPaper.csproj", "{E270FA31-D6EF-4509-B358-5BFCD253FFDE}"
EndProject
Project("{FAE04EC0-301F-11D3-BF4B-00C04F79EFBC}") = "04.VeganBodubuilder", "04.VeganBodubuilder\04.VeganBodubuilder.csproj", "{FDA17A3D-0E79-4C89-8B6C-9D59AE1993EF}"
EndProject
Project("{FAE04EC0-301F-11D3-BF4B-00C04F79EFBC}") = "Testing", "Testing\Testing.csproj", "{CE168DA3-441B-4F8C-8A2F-5D2C81090BB4}"
EndProject
Project("{FAE04EC0-301F-11D3-BF4B-00C04F79EFBC}") = "testing2", "testing2\testing2.csproj", "{6437C1F8-5338-4865-9FAA-3E5691FAE150}"
EndProject
Global
	GlobalSection(SolutionConfigurationPlatforms) = preSolution
		Debug|Any CPU = Debug|Any CPU
		Release|Any CPU = Release|Any CPU
	EndGlobalSection
	GlobalSection(ProjectConfigurationPlatforms) = postSolution
		{2D763AE5-D41B-4ED3-B531-20D6A9778714}.Debug|Any CPU.ActiveCfg = Debug|Any CPU
		{2D763AE5-D41B-4ED3-B531-20D6A9778714}.Debug|Any CPU.Build.0 = Debug|Any CPU
		{2D763AE5-D41B-4ED3-B531-20D6A9778714}.Release|Any CPU.ActiveCfg = Release|Any CPU
		{2D763AE5-D41B-4ED3-B531-20D6A9778714}.Release|Any CPU.Build.0 = Release|Any CPU
		{0073CC16-1F4F-4A57-9FDD-A29E7EBEFB1A}.Debug|Any CPU.ActiveCfg = Debug|Any CPU
		{0073CC16-1F4F-4A57-9FDD-A29E7EBEFB1A}.Debug|Any CPU.Build.0 = Debug|Any CPU
		{0073CC16-1F4F-4A57-9FDD-A29E7EBEFB1A}.Release|Any CPU.ActiveCfg = Release|Any CPU
		{0073CC16-1F4F-4A57-9FDD-A29E7EBEFB1A}.Release|Any CPU.Build.0 = Release|Any CPU
		{E270FA31-D6EF-4509-B358-5BFCD253FFDE}.Debug|Any CPU.ActiveCfg = Debug|Any CPU
		{E270FA31-D6EF-4509-B358-5BFCD253FFDE}.Debug|Any CPU.Build.0 = Debug|Any CPU
		{E270FA31-D6EF-4509-B358-5BFCD253FFDE}.Release|Any CPU.ActiveCfg = Release|Any CPU
		{E270FA31-D6EF-4509-B358-5BFCD253FFDE}.Release|Any CPU.Build.0 = Release|Any CPU
		{FDA17A3D-0E79-4C89-8B6C-9D59AE1993EF}.Debug|Any CPU.ActiveCfg = Debug|Any CPU
		{FDA17A3D-0E79-4C89-8B6C-9D59AE1993EF}.Debug|Any CPU.Build.0 = Debug|Any CPU
		{FDA17A3D-0E79-4C89-8B6C-9D59AE1993EF}.Release|Any CPU.ActiveCfg = Release|Any CPU
		{FDA17A3D-0E79-4C89-8B6C-9D59AE1993EF}.Release|Any CPU.Build.0 = Release|Any CPU
		{CE168DA3-441B-4F8C-8A2F-5D2C81090BB4}.Debug|Any CPU.ActiveCfg = Debug|Any CPU
		{CE168DA3-441B-4F8C-8A2F-5D2C81090BB4}.Debug|Any CPU.Build.0 = Debug|Any CPU
		{CE168DA3-441B-4F8C-8A2F-5D2C81090BB4}.Release|Any CPU.ActiveCfg = Release|Any CPU
		{CE168DA3-441B-4F8C-8A2F-5D2C81090BB4}.Release|Any CPU.Build.0 = Release|Any CPU
		{6437C1F8-5338-4865-9FAA-3E5691FAE150}.Debug|Any CPU.ActiveCfg = Debug|Any CPU
		{6437C1F8-5338-4865-9FAA-3E5691FAE150}.Debug|Any CPU.Build.0 = Debug|Any CPU
		{6437C1F8-5338-4865-9FAA-3E5691FAE150}.Release|Any CPU.ActiveCfg = Release|Any CPU
		{6437C1F8-5338-4865-9FAA-3E5691FAE150}.Release|Any CPU.Build.0 = Release|Any CPU
	EndGlobalSection
	GlobalSection(SolutionProperties) = preSolution
		HideSolutionNode = FALSE
	EndGlobalSection
EndGlobal
