
Microsoft Visual Studio Solution File, Format Version 12.00
# Visual Studio 14
VisualStudioVersion = 14.0.25420.1
MinimumVisualStudioVersion = 10.0.40219.1
Project("{FAE04EC0-301F-11D3-BF4B-00C04F79EFBC}") = "01.StaticList", "LinearDataStructures\01.StaticList.csproj", "{C1EDD11A-2060-4466-A3A3-0EE6E43C1BED}"
EndProject
Project("{FAE04EC0-301F-11D3-BF4B-00C04F79EFBC}") = "02.Recursion", "02.Recursion\02.Recursion.csproj", "{ACFFC544-00D5-4989-A914-376B13FC9592}"
EndProject
Project("{FAE04EC0-301F-11D3-BF4B-00C04F79EFBC}") = "03.BinarySearch", "03.BinarySearch\03.BinarySearch.csproj", "{E2AE180E-118F-414C-8761-221DC9615632}"
EndProject
Project("{2150E333-8FDC-42A3-9474-1A3956D46DE8}") = "LinearDataStructures", "LinearDataStructures", "{C35D7737-F1F8-4864-AD4D-3568DE671983}"
EndProject
Project("{2150E333-8FDC-42A3-9474-1A3956D46DE8}") = "Lists", "Lists", "{F3B6351D-663C-4F35-8744-F0CD672DE787}"
EndProject
Project("{2150E333-8FDC-42A3-9474-1A3956D46DE8}") = "Recursion", "Recursion", "{FF92953E-A5E6-4571-A93D-03A9EC220947}"
EndProject
Project("{FAE04EC0-301F-11D3-BF4B-00C04F79EFBC}") = "01.SingleLinkedList", "02.LinkedList\01.SingleLinkedList.csproj", "{9BA6154E-6668-4D94-B8F0-3E9B3948D8F7}"
EndProject
Project("{2150E333-8FDC-42A3-9474-1A3956D46DE8}") = "02.LinkedList", "02.LinkedList", "{FDFD5C65-0921-4B60-8E79-D94711C68EFA}"
EndProject
Project("{2150E333-8FDC-42A3-9474-1A3956D46DE8}") = "01.StaticList", "01.StaticList", "{A651044D-C091-49CE-9393-3B06BC7D0CCB}"
EndProject
Project("{2150E333-8FDC-42A3-9474-1A3956D46DE8}") = "Sorting Algorithms", "Sorting Algorithms", "{7552A5E2-690C-4081-BDDD-9E66095A3976}"
EndProject
Project("{FAE04EC0-301F-11D3-BF4B-00C04F79EFBC}") = "CountingSort", "CountingSort\CountingSort.csproj", "{F1BBBB14-5AB6-41E3-A921-358D4B1F89ED}"
EndProject
Project("{2150E333-8FDC-42A3-9474-1A3956D46DE8}") = "Searching Algorithms", "Searching Algorithms", "{1E586C01-6BAE-40BE-95FB-A96EAD055D8D}"
EndProject
Project("{2150E333-8FDC-42A3-9474-1A3956D46DE8}") = "Stack", "Stack", "{E251B726-B47B-4655-A2A2-D623F3A1229A}"
EndProject
Project("{FAE04EC0-301F-11D3-BF4B-00C04F79EFBC}") = "StackImplementationUsingArray", "StackImplementationUsingArray\StackImplementationUsingArray.csproj", "{EC53E10C-424A-469D-9723-2C1D28EB828D}"
EndProject
Project("{FAE04EC0-301F-11D3-BF4B-00C04F79EFBC}") = "StackImplementationUsingLinkedList", "StackImplementationUsingLinkedList\StackImplementationUsingLinkedList.csproj", "{0FF1A988-E0B7-4CFB-8020-A32B0B6D6ABA}"
EndProject
Project("{2150E333-8FDC-42A3-9474-1A3956D46DE8}") = "Graphs", "Graphs", "{77BFACA3-54DD-4D66-907E-98E42204A2DF}"
EndProject
Project("{FAE04EC0-301F-11D3-BF4B-00C04F79EFBC}") = "DFS.cs", "DFS.cs\DFS.cs.csproj", "{5356918D-6801-4C3D-BB3C-4210ADA43DE6}"
EndProject
Global
	GlobalSection(SolutionConfigurationPlatforms) = preSolution
		Debug|Any CPU = Debug|Any CPU
		Release|Any CPU = Release|Any CPU
	EndGlobalSection
	GlobalSection(ProjectConfigurationPlatforms) = postSolution
		{C1EDD11A-2060-4466-A3A3-0EE6E43C1BED}.Debug|Any CPU.ActiveCfg = Debug|Any CPU
		{C1EDD11A-2060-4466-A3A3-0EE6E43C1BED}.Debug|Any CPU.Build.0 = Debug|Any CPU
		{C1EDD11A-2060-4466-A3A3-0EE6E43C1BED}.Release|Any CPU.ActiveCfg = Release|Any CPU
		{C1EDD11A-2060-4466-A3A3-0EE6E43C1BED}.Release|Any CPU.Build.0 = Release|Any CPU
		{ACFFC544-00D5-4989-A914-376B13FC9592}.Debug|Any CPU.ActiveCfg = Debug|Any CPU
		{ACFFC544-00D5-4989-A914-376B13FC9592}.Debug|Any CPU.Build.0 = Debug|Any CPU
		{ACFFC544-00D5-4989-A914-376B13FC9592}.Release|Any CPU.ActiveCfg = Release|Any CPU
		{ACFFC544-00D5-4989-A914-376B13FC9592}.Release|Any CPU.Build.0 = Release|Any CPU
		{E2AE180E-118F-414C-8761-221DC9615632}.Debug|Any CPU.ActiveCfg = Debug|Any CPU
		{E2AE180E-118F-414C-8761-221DC9615632}.Debug|Any CPU.Build.0 = Debug|Any CPU
		{E2AE180E-118F-414C-8761-221DC9615632}.Release|Any CPU.ActiveCfg = Release|Any CPU
		{E2AE180E-118F-414C-8761-221DC9615632}.Release|Any CPU.Build.0 = Release|Any CPU
		{9BA6154E-6668-4D94-B8F0-3E9B3948D8F7}.Debug|Any CPU.ActiveCfg = Debug|Any CPU
		{9BA6154E-6668-4D94-B8F0-3E9B3948D8F7}.Debug|Any CPU.Build.0 = Debug|Any CPU
		{9BA6154E-6668-4D94-B8F0-3E9B3948D8F7}.Release|Any CPU.ActiveCfg = Release|Any CPU
		{9BA6154E-6668-4D94-B8F0-3E9B3948D8F7}.Release|Any CPU.Build.0 = Release|Any CPU
		{F1BBBB14-5AB6-41E3-A921-358D4B1F89ED}.Debug|Any CPU.ActiveCfg = Debug|Any CPU
		{F1BBBB14-5AB6-41E3-A921-358D4B1F89ED}.Debug|Any CPU.Build.0 = Debug|Any CPU
		{F1BBBB14-5AB6-41E3-A921-358D4B1F89ED}.Release|Any CPU.ActiveCfg = Release|Any CPU
		{F1BBBB14-5AB6-41E3-A921-358D4B1F89ED}.Release|Any CPU.Build.0 = Release|Any CPU
		{EC53E10C-424A-469D-9723-2C1D28EB828D}.Debug|Any CPU.ActiveCfg = Debug|Any CPU
		{EC53E10C-424A-469D-9723-2C1D28EB828D}.Debug|Any CPU.Build.0 = Debug|Any CPU
		{EC53E10C-424A-469D-9723-2C1D28EB828D}.Release|Any CPU.ActiveCfg = Release|Any CPU
		{EC53E10C-424A-469D-9723-2C1D28EB828D}.Release|Any CPU.Build.0 = Release|Any CPU
		{0FF1A988-E0B7-4CFB-8020-A32B0B6D6ABA}.Debug|Any CPU.ActiveCfg = Debug|Any CPU
		{0FF1A988-E0B7-4CFB-8020-A32B0B6D6ABA}.Debug|Any CPU.Build.0 = Debug|Any CPU
		{0FF1A988-E0B7-4CFB-8020-A32B0B6D6ABA}.Release|Any CPU.ActiveCfg = Release|Any CPU
		{0FF1A988-E0B7-4CFB-8020-A32B0B6D6ABA}.Release|Any CPU.Build.0 = Release|Any CPU
		{5356918D-6801-4C3D-BB3C-4210ADA43DE6}.Debug|Any CPU.ActiveCfg = Debug|Any CPU
		{5356918D-6801-4C3D-BB3C-4210ADA43DE6}.Debug|Any CPU.Build.0 = Debug|Any CPU
		{5356918D-6801-4C3D-BB3C-4210ADA43DE6}.Release|Any CPU.ActiveCfg = Release|Any CPU
		{5356918D-6801-4C3D-BB3C-4210ADA43DE6}.Release|Any CPU.Build.0 = Release|Any CPU
	EndGlobalSection
	GlobalSection(SolutionProperties) = preSolution
		HideSolutionNode = FALSE
	EndGlobalSection
	GlobalSection(NestedProjects) = preSolution
		{C1EDD11A-2060-4466-A3A3-0EE6E43C1BED} = {A651044D-C091-49CE-9393-3B06BC7D0CCB}
		{ACFFC544-00D5-4989-A914-376B13FC9592} = {FF92953E-A5E6-4571-A93D-03A9EC220947}
		{E2AE180E-118F-414C-8761-221DC9615632} = {FF92953E-A5E6-4571-A93D-03A9EC220947}
		{F3B6351D-663C-4F35-8744-F0CD672DE787} = {C35D7737-F1F8-4864-AD4D-3568DE671983}
		{9BA6154E-6668-4D94-B8F0-3E9B3948D8F7} = {FDFD5C65-0921-4B60-8E79-D94711C68EFA}
		{FDFD5C65-0921-4B60-8E79-D94711C68EFA} = {F3B6351D-663C-4F35-8744-F0CD672DE787}
		{A651044D-C091-49CE-9393-3B06BC7D0CCB} = {F3B6351D-663C-4F35-8744-F0CD672DE787}
		{F1BBBB14-5AB6-41E3-A921-358D4B1F89ED} = {7552A5E2-690C-4081-BDDD-9E66095A3976}
		{E251B726-B47B-4655-A2A2-D623F3A1229A} = {C35D7737-F1F8-4864-AD4D-3568DE671983}
		{EC53E10C-424A-469D-9723-2C1D28EB828D} = {E251B726-B47B-4655-A2A2-D623F3A1229A}
		{0FF1A988-E0B7-4CFB-8020-A32B0B6D6ABA} = {E251B726-B47B-4655-A2A2-D623F3A1229A}
		{5356918D-6801-4C3D-BB3C-4210ADA43DE6} = {77BFACA3-54DD-4D66-907E-98E42204A2DF}
	EndGlobalSection
EndGlobal
