
Microsoft Visual Studio Solution File, Format Version 12.00
# Visual Studio 15
VisualStudioVersion = 15.0.26730.16
MinimumVisualStudioVersion = 10.0.40219.1
Project("{FAE04EC0-301F-11D3-BF4B-00C04F79EFBC}") = "CodeFirstLiveDemo.Data", "CodeFirstLiveDemo.Data\CodeFirstLiveDemo.Data.csproj", "{E7F74594-AE50-4C12-BF7B-E6E71EA01660}"
EndProject
Project("{FAE04EC0-301F-11D3-BF4B-00C04F79EFBC}") = "CodeFirstLiveDemo.Models", "CodeFirstLiveDemo.Models\CodeFirstLiveDemo.Models.csproj", "{E620374E-B8F1-49A3-BBB6-1C72B1E4508F}"
EndProject
Project("{FAE04EC0-301F-11D3-BF4B-00C04F79EFBC}") = "CodeFirstLiveDemo.StartUp", "CodeFirstLiveDemo.StartUp\CodeFirstLiveDemo.StartUp.csproj", "{09D6D5EB-CDE0-49C0-A4DC-EDFD69EA3CB7}"
EndProject
Global
	GlobalSection(SolutionConfigurationPlatforms) = preSolution
		Debug|Any CPU = Debug|Any CPU
		Release|Any CPU = Release|Any CPU
	EndGlobalSection
	GlobalSection(ProjectConfigurationPlatforms) = postSolution
		{E7F74594-AE50-4C12-BF7B-E6E71EA01660}.Debug|Any CPU.ActiveCfg = Debug|Any CPU
		{E7F74594-AE50-4C12-BF7B-E6E71EA01660}.Debug|Any CPU.Build.0 = Debug|Any CPU
		{E7F74594-AE50-4C12-BF7B-E6E71EA01660}.Release|Any CPU.ActiveCfg = Release|Any CPU
		{E7F74594-AE50-4C12-BF7B-E6E71EA01660}.Release|Any CPU.Build.0 = Release|Any CPU
		{E620374E-B8F1-49A3-BBB6-1C72B1E4508F}.Debug|Any CPU.ActiveCfg = Debug|Any CPU
		{E620374E-B8F1-49A3-BBB6-1C72B1E4508F}.Debug|Any CPU.Build.0 = Debug|Any CPU
		{E620374E-B8F1-49A3-BBB6-1C72B1E4508F}.Release|Any CPU.ActiveCfg = Release|Any CPU
		{E620374E-B8F1-49A3-BBB6-1C72B1E4508F}.Release|Any CPU.Build.0 = Release|Any CPU
		{09D6D5EB-CDE0-49C0-A4DC-EDFD69EA3CB7}.Debug|Any CPU.ActiveCfg = Debug|Any CPU
		{09D6D5EB-CDE0-49C0-A4DC-EDFD69EA3CB7}.Debug|Any CPU.Build.0 = Debug|Any CPU
		{09D6D5EB-CDE0-49C0-A4DC-EDFD69EA3CB7}.Release|Any CPU.ActiveCfg = Release|Any CPU
		{09D6D5EB-CDE0-49C0-A4DC-EDFD69EA3CB7}.Release|Any CPU.Build.0 = Release|Any CPU
	EndGlobalSection
	GlobalSection(SolutionProperties) = preSolution
		HideSolutionNode = FALSE
	EndGlobalSection
	GlobalSection(ExtensibilityGlobals) = postSolution
		SolutionGuid = {413FC775-2B4C-4488-9FEC-DDAD8F61840B}
	EndGlobalSection
EndGlobal
