
Microsoft Visual Studio Solution File, Format Version 12.00
# Visual Studio 15
VisualStudioVersion = 15.0.26730.16
MinimumVisualStudioVersion = 10.0.40219.1
Project("{FAE04EC0-301F-11D3-BF4B-00C04F79EFBC}") = "FirstProject", "FirstProject\FirstProject.csproj", "{CF46D243-9DE9-42EE-98CB-3E22CBB4E10F}"
EndProject
Global
	GlobalSection(SolutionConfigurationPlatforms) = preSolution
		Debug|Any CPU = Debug|Any CPU
		Release|Any CPU = Release|Any CPU
	EndGlobalSection
	GlobalSection(ProjectConfigurationPlatforms) = postSolution
		{CF46D243-9DE9-42EE-98CB-3E22CBB4E10F}.Debug|Any CPU.ActiveCfg = Debug|Any CPU
		{CF46D243-9DE9-42EE-98CB-3E22CBB4E10F}.Debug|Any CPU.Build.0 = Debug|Any CPU
		{CF46D243-9DE9-42EE-98CB-3E22CBB4E10F}.Release|Any CPU.ActiveCfg = Release|Any CPU
		{CF46D243-9DE9-42EE-98CB-3E22CBB4E10F}.Release|Any CPU.Build.0 = Release|Any CPU
	EndGlobalSection
	GlobalSection(SolutionProperties) = preSolution
		HideSolutionNode = FALSE
	EndGlobalSection
	GlobalSection(ExtensibilityGlobals) = postSolution
		SolutionGuid = {8BFF0678-7159-47FE-B5B3-D52E703640A1}
	EndGlobalSection
EndGlobal
