
Microsoft Visual Studio Solution File, Format Version 12.00
# Visual Studio 15
VisualStudioVersion = 15.0.26730.16
MinimumVisualStudioVersion = 10.0.40219.1
Project("{FAE04EC0-301F-11D3-BF4B-00C04F79EFBC}") = "MVCEssentialsDemo", "MVCEssentialsDemo\MVCEssentialsDemo.csproj", "{2FB4D547-8317-427D-B085-0CDA39BA258A}"
EndProject
Global
	GlobalSection(SolutionConfigurationPlatforms) = preSolution
		Debug|Any CPU = Debug|Any CPU
		Release|Any CPU = Release|Any CPU
	EndGlobalSection
	GlobalSection(ProjectConfigurationPlatforms) = postSolution
		{2FB4D547-8317-427D-B085-0CDA39BA258A}.Debug|Any CPU.ActiveCfg = Debug|Any CPU
		{2FB4D547-8317-427D-B085-0CDA39BA258A}.Debug|Any CPU.Build.0 = Debug|Any CPU
		{2FB4D547-8317-427D-B085-0CDA39BA258A}.Release|Any CPU.ActiveCfg = Release|Any CPU
		{2FB4D547-8317-427D-B085-0CDA39BA258A}.Release|Any CPU.Build.0 = Release|Any CPU
	EndGlobalSection
	GlobalSection(SolutionProperties) = preSolution
		HideSolutionNode = FALSE
	EndGlobalSection
	GlobalSection(ExtensibilityGlobals) = postSolution
		SolutionGuid = {019EF679-BF9F-4957-B08C-A8872FEE855C}
	EndGlobalSection
EndGlobal
