
Microsoft Visual Studio Solution File, Format Version 12.00
# Visual Studio 15
VisualStudioVersion = 15.0.26730.10
MinimumVisualStudioVersion = 10.0.40219.1
Project("{FAE04EC0-301F-11D3-BF4B-00C04F79EFBC}") = "01.PlayerRanking", "01.PlayerRanking\01.PlayerRanking.csproj", "{6A8D480A-7508-42B6-8C6D-0CE95529112B}"
EndProject
Project("{FAE04EC0-301F-11D3-BF4B-00C04F79EFBC}") = "06.GoldFever", "06.GoldFever\06.GoldFever.csproj", "{BB8A7A06-9D58-41FD-979D-42437D73C642}"
EndProject
Project("{FAE04EC0-301F-11D3-BF4B-00C04F79EFBC}") = "03.UnitsOfWork", "03.UnitsOfWork\03.UnitsOfWork.csproj", "{C75BACC3-12A3-42E0-A958-52E3CADFB7BE}"
EndProject
Project("{FAE04EC0-301F-11D3-BF4B-00C04F79EFBC}") = "07.Documentation", "07.Documentation\07.Documentation.csproj", "{4EE3044E-65B2-4AAB-BDFA-9A3D1ED24715}"
EndProject
Project("{FAE04EC0-301F-11D3-BF4B-00C04F79EFBC}") = "09.OnlineMarket", "09.OnlineMarket\09.OnlineMarket.csproj", "{628D63DC-3BC1-4F47-BC62-6E165CD9E815}"
EndProject
Project("{FAE04EC0-301F-11D3-BF4B-00C04F79EFBC}") = "10.OfficeSpace", "10.OfficeSpace\10.OfficeSpace.csproj", "{A1C4B44F-8861-4870-8914-36455C173829}"
EndProject
Project("{FAE04EC0-301F-11D3-BF4B-00C04F79EFBC}") = "05.Swapping", "05.Swapping\05.Swapping.csproj", "{B52556E5-2220-4A7B-83E9-A791FC6E85E7}"
EndProject
Project("{FAE04EC0-301F-11D3-BF4B-00C04F79EFBC}") = "HelpDoge", "HelpDoge\HelpDoge.csproj", "{1D247084-68CF-4129-8915-7AD1C5C1B656}"
EndProject
Global
	GlobalSection(SolutionConfigurationPlatforms) = preSolution
		Debug|Any CPU = Debug|Any CPU
		Release|Any CPU = Release|Any CPU
	EndGlobalSection
	GlobalSection(ProjectConfigurationPlatforms) = postSolution
		{6A8D480A-7508-42B6-8C6D-0CE95529112B}.Debug|Any CPU.ActiveCfg = Debug|Any CPU
		{6A8D480A-7508-42B6-8C6D-0CE95529112B}.Debug|Any CPU.Build.0 = Debug|Any CPU
		{6A8D480A-7508-42B6-8C6D-0CE95529112B}.Release|Any CPU.ActiveCfg = Release|Any CPU
		{6A8D480A-7508-42B6-8C6D-0CE95529112B}.Release|Any CPU.Build.0 = Release|Any CPU
		{BB8A7A06-9D58-41FD-979D-42437D73C642}.Debug|Any CPU.ActiveCfg = Debug|Any CPU
		{BB8A7A06-9D58-41FD-979D-42437D73C642}.Debug|Any CPU.Build.0 = Debug|Any CPU
		{BB8A7A06-9D58-41FD-979D-42437D73C642}.Release|Any CPU.ActiveCfg = Release|Any CPU
		{BB8A7A06-9D58-41FD-979D-42437D73C642}.Release|Any CPU.Build.0 = Release|Any CPU
		{C75BACC3-12A3-42E0-A958-52E3CADFB7BE}.Debug|Any CPU.ActiveCfg = Debug|Any CPU
		{C75BACC3-12A3-42E0-A958-52E3CADFB7BE}.Debug|Any CPU.Build.0 = Debug|Any CPU
		{C75BACC3-12A3-42E0-A958-52E3CADFB7BE}.Release|Any CPU.ActiveCfg = Release|Any CPU
		{C75BACC3-12A3-42E0-A958-52E3CADFB7BE}.Release|Any CPU.Build.0 = Release|Any CPU
		{4EE3044E-65B2-4AAB-BDFA-9A3D1ED24715}.Debug|Any CPU.ActiveCfg = Debug|Any CPU
		{4EE3044E-65B2-4AAB-BDFA-9A3D1ED24715}.Debug|Any CPU.Build.0 = Debug|Any CPU
		{4EE3044E-65B2-4AAB-BDFA-9A3D1ED24715}.Release|Any CPU.ActiveCfg = Release|Any CPU
		{4EE3044E-65B2-4AAB-BDFA-9A3D1ED24715}.Release|Any CPU.Build.0 = Release|Any CPU
		{628D63DC-3BC1-4F47-BC62-6E165CD9E815}.Debug|Any CPU.ActiveCfg = Debug|Any CPU
		{628D63DC-3BC1-4F47-BC62-6E165CD9E815}.Debug|Any CPU.Build.0 = Debug|Any CPU
		{628D63DC-3BC1-4F47-BC62-6E165CD9E815}.Release|Any CPU.ActiveCfg = Release|Any CPU
		{628D63DC-3BC1-4F47-BC62-6E165CD9E815}.Release|Any CPU.Build.0 = Release|Any CPU
		{A1C4B44F-8861-4870-8914-36455C173829}.Debug|Any CPU.ActiveCfg = Debug|Any CPU
		{A1C4B44F-8861-4870-8914-36455C173829}.Debug|Any CPU.Build.0 = Debug|Any CPU
		{A1C4B44F-8861-4870-8914-36455C173829}.Release|Any CPU.ActiveCfg = Release|Any CPU
		{A1C4B44F-8861-4870-8914-36455C173829}.Release|Any CPU.Build.0 = Release|Any CPU
		{B52556E5-2220-4A7B-83E9-A791FC6E85E7}.Debug|Any CPU.ActiveCfg = Debug|Any CPU
		{B52556E5-2220-4A7B-83E9-A791FC6E85E7}.Debug|Any CPU.Build.0 = Debug|Any CPU
		{B52556E5-2220-4A7B-83E9-A791FC6E85E7}.Release|Any CPU.ActiveCfg = Release|Any CPU
		{B52556E5-2220-4A7B-83E9-A791FC6E85E7}.Release|Any CPU.Build.0 = Release|Any CPU
		{1D247084-68CF-4129-8915-7AD1C5C1B656}.Debug|Any CPU.ActiveCfg = Debug|Any CPU
		{1D247084-68CF-4129-8915-7AD1C5C1B656}.Debug|Any CPU.Build.0 = Debug|Any CPU
		{1D247084-68CF-4129-8915-7AD1C5C1B656}.Release|Any CPU.ActiveCfg = Release|Any CPU
		{1D247084-68CF-4129-8915-7AD1C5C1B656}.Release|Any CPU.Build.0 = Release|Any CPU
	EndGlobalSection
	GlobalSection(SolutionProperties) = preSolution
		HideSolutionNode = FALSE
	EndGlobalSection
	GlobalSection(ExtensibilityGlobals) = postSolution
		SolutionGuid = {ABE018A0-D083-4FE9-8698-00E659717AA7}
	EndGlobalSection
EndGlobal
