
Microsoft Visual Studio Solution File, Format Version 12.00
# Visual Studio 15
VisualStudioVersion = 15.0.26730.10
MinimumVisualStudioVersion = 10.0.40219.1
Project("{2150E333-8FDC-42A3-9474-1A3956D46DE8}") = "Lists", "Lists", "{DD0DA58A-295B-409A-8587-795D9F4B823B}"
EndProject
Project("{2150E333-8FDC-42A3-9474-1A3956D46DE8}") = "01.StaticList", "01.StaticList", "{13103C29-2499-44A1-8AA7-D76D2493C77D}"
EndProject
Project("{FAE04EC0-301F-11D3-BF4B-00C04F79EFBC}") = "01.StaticList", "StaticList\01.StaticList.csproj", "{C92E2F54-DE0E-4416-8CA3-1FA9D644A7AA}"
EndProject
Project("{2150E333-8FDC-42A3-9474-1A3956D46DE8}") = "LinearDataStructures", "LinearDataStructures", "{5E52F63C-3C2B-4D3E-A322-385DDA566A49}"
EndProject
Project("{2150E333-8FDC-42A3-9474-1A3956D46DE8}") = "02.DynamicList", "02.DynamicList", "{35C937F7-0552-44D4-AC1E-A1AA5F3A4685}"
EndProject
Project("{2150E333-8FDC-42A3-9474-1A3956D46DE8}") = "03.GenericList", "03.GenericList", "{676F5B77-C292-4FA1-B7BF-50AA93DC54E7}"
EndProject
Project("{FAE04EC0-301F-11D3-BF4B-00C04F79EFBC}") = "01.DynamicList(SingleLinkedList)", "DynamicList\01.DynamicList(SingleLinkedList).csproj", "{FD2E0C51-4A11-457B-812E-2FD3CB55F405}"
EndProject
Project("{FAE04EC0-301F-11D3-BF4B-00C04F79EFBC}") = "02.ClassArrayList", "ClassArrayList\02.ClassArrayList.csproj", "{5FA61BF8-8762-4AEE-9077-948828EA56FB}"
EndProject
Project("{FAE04EC0-301F-11D3-BF4B-00C04F79EFBC}") = "02.DynamicList(DoubleLinkedList)", "DynamicList(DoubleLinkedList)\02.DynamicList(DoubleLinkedList).csproj", "{98429FBE-3677-450E-977D-077C3F12F8D5}"
EndProject
Project("{FAE04EC0-301F-11D3-BF4B-00C04F79EFBC}") = "01.ListTPrimeNumberFinder", "ListT\01.ListTPrimeNumberFinder.csproj", "{6C110DA8-0F3A-4A2C-A333-629DAFAE8C9F}"
EndProject
Project("{FAE04EC0-301F-11D3-BF4B-00C04F79EFBC}") = "02.ListTUnionIntersection", "02.ListTUnionIntersection\02.ListTUnionIntersection.csproj", "{5A2826CA-92DD-47C7-803C-80E36AE9925A}"
EndProject
Project("{FAE04EC0-301F-11D3-BF4B-00C04F79EFBC}") = "03.ListTUnionIntersectionAlternative", "03.ListTUnionIntersectionAlternative\03.ListTUnionIntersectionAlternative.csproj", "{B296DB14-133B-40C0-9174-44BF40DBAFCE}"
EndProject
Project("{2150E333-8FDC-42A3-9474-1A3956D46DE8}") = "Stacks", "Stacks", "{9C671067-78F5-4F46-B65A-4B72F58E8863}"
EndProject
Project("{2150E333-8FDC-42A3-9474-1A3956D46DE8}") = "StaticStack", "StaticStack", "{FB4C974A-4EAB-48B6-BB8A-058061DA7055}"
EndProject
Project("{FAE04EC0-301F-11D3-BF4B-00C04F79EFBC}") = "01.StaticStackArrayImplementation", "01.StaticStackArrayImplementation\01.StaticStackArrayImplementation.csproj", "{46A1F1CE-3D40-4019-BCF0-65695265E43B}"
EndProject
Project("{2150E333-8FDC-42A3-9474-1A3956D46DE8}") = "Dictionaries, Hash Tables and Sets", "Dictionaries, Hash Tables and Sets", "{80CA384F-CE25-4846-ABB9-594C9B2D75AC}"
EndProject
Project("{2150E333-8FDC-42A3-9474-1A3956D46DE8}") = "Dictionary", "Dictionary", "{FE25B611-52C6-4375-B3B6-2A129B7398EE}"
EndProject
Project("{FAE04EC0-301F-11D3-BF4B-00C04F79EFBC}") = "01", "01\01.csproj", "{EC25E5DA-E403-4C3A-990D-20562B2BD152}"
EndProject
Project("{FAE04EC0-301F-11D3-BF4B-00C04F79EFBC}") = "02", "02\02.csproj", "{8817A9E3-4D95-4926-ADCD-EC9BE114DECD}"
EndProject
Project("{FAE04EC0-301F-11D3-BF4B-00C04F79EFBC}") = "03", "03\03.csproj", "{3C898401-7653-4851-9432-8A6B733E56DB}"
EndProject
Project("{2150E333-8FDC-42A3-9474-1A3956D46DE8}") = "PowerCollections", "PowerCollections", "{29FFA823-C2FE-46CF-B3F2-658411BEEFB6}"
EndProject
Project("{FAE04EC0-301F-11D3-BF4B-00C04F79EFBC}") = "PowerCollections", "PowerCollections\PowerCollections.csproj", "{CAA5E029-8C89-4826-B08B-3B74596792B6}"
EndProject
Project("{2150E333-8FDC-42A3-9474-1A3956D46DE8}") = "Graphs", "Graphs", "{128DC127-CA16-4686-8810-753D45A182B0}"
EndProject
Project("{FAE04EC0-301F-11D3-BF4B-00C04F79EFBC}") = "01.RepresentingAGraphWithArray", "01.RepresentingAGraph\01.RepresentingAGraphWithArray.csproj", "{960BDD03-2191-4ED3-8C51-ADD37FC20520}"
EndProject
Project("{FAE04EC0-301F-11D3-BF4B-00C04F79EFBC}") = "02.DirectedGraph", "02.DirectedGraph\02.DirectedGraph.csproj", "{F1DA305B-4B13-43B1-88A7-DF9C7797EFBD}"
EndProject
Project("{FAE04EC0-301F-11D3-BF4B-00C04F79EFBC}") = "00.GraphUsingAdjacencyMatrix", "00.GraphUsingAdjacencyMatrix\00.GraphUsingAdjacencyMatrix.csproj", "{94E51DAB-B7FF-4470-9802-53733B07132D}"
EndProject
Project("{FAE04EC0-301F-11D3-BF4B-00C04F79EFBC}") = "000.BFSDemo", "000.BFSDemo\000.BFSDemo.csproj", "{8310CD60-E6B9-4A30-A919-9E6546759434}"
EndProject
Project("{FAE04EC0-301F-11D3-BF4B-00C04F79EFBC}") = "Conference", "Conference\Conference.csproj", "{78E59672-3270-4B27-970E-C5241F5D36DC}"
EndProject
Project("{2150E333-8FDC-42A3-9474-1A3956D46DE8}") = "Dynamic Programing", "Dynamic Programing", "{29DA7014-A039-49BB-B489-8C05154DBFDB}"
EndProject
Project("{FAE04EC0-301F-11D3-BF4B-00C04F79EFBC}") = "01.SubsetSum", "01.SubsetSum\01.SubsetSum.csproj", "{0D1490EB-AED7-4949-8A4F-864646BD7115}"
EndProject
Project("{FAE04EC0-301F-11D3-BF4B-00C04F79EFBC}") = "01.DynamicList(SingleLinkedListMyImplementation)", "01.DynamicList(SingleLinkedListMyImplementation)\01.DynamicList(SingleLinkedListMyImplementation).csproj", "{AF8886A7-B93C-40DF-89B8-980C455C79BD}"
EndProject
Global
	GlobalSection(SolutionConfigurationPlatforms) = preSolution
		Debug|Any CPU = Debug|Any CPU
		Release|Any CPU = Release|Any CPU
	EndGlobalSection
	GlobalSection(ProjectConfigurationPlatforms) = postSolution
		{C92E2F54-DE0E-4416-8CA3-1FA9D644A7AA}.Debug|Any CPU.ActiveCfg = Debug|Any CPU
		{C92E2F54-DE0E-4416-8CA3-1FA9D644A7AA}.Debug|Any CPU.Build.0 = Debug|Any CPU
		{C92E2F54-DE0E-4416-8CA3-1FA9D644A7AA}.Release|Any CPU.ActiveCfg = Release|Any CPU
		{C92E2F54-DE0E-4416-8CA3-1FA9D644A7AA}.Release|Any CPU.Build.0 = Release|Any CPU
		{FD2E0C51-4A11-457B-812E-2FD3CB55F405}.Debug|Any CPU.ActiveCfg = Debug|Any CPU
		{FD2E0C51-4A11-457B-812E-2FD3CB55F405}.Debug|Any CPU.Build.0 = Debug|Any CPU
		{FD2E0C51-4A11-457B-812E-2FD3CB55F405}.Release|Any CPU.ActiveCfg = Release|Any CPU
		{FD2E0C51-4A11-457B-812E-2FD3CB55F405}.Release|Any CPU.Build.0 = Release|Any CPU
		{5FA61BF8-8762-4AEE-9077-948828EA56FB}.Debug|Any CPU.ActiveCfg = Debug|Any CPU
		{5FA61BF8-8762-4AEE-9077-948828EA56FB}.Debug|Any CPU.Build.0 = Debug|Any CPU
		{5FA61BF8-8762-4AEE-9077-948828EA56FB}.Release|Any CPU.ActiveCfg = Release|Any CPU
		{5FA61BF8-8762-4AEE-9077-948828EA56FB}.Release|Any CPU.Build.0 = Release|Any CPU
		{98429FBE-3677-450E-977D-077C3F12F8D5}.Debug|Any CPU.ActiveCfg = Debug|Any CPU
		{98429FBE-3677-450E-977D-077C3F12F8D5}.Debug|Any CPU.Build.0 = Debug|Any CPU
		{98429FBE-3677-450E-977D-077C3F12F8D5}.Release|Any CPU.ActiveCfg = Release|Any CPU
		{98429FBE-3677-450E-977D-077C3F12F8D5}.Release|Any CPU.Build.0 = Release|Any CPU
		{6C110DA8-0F3A-4A2C-A333-629DAFAE8C9F}.Debug|Any CPU.ActiveCfg = Debug|Any CPU
		{6C110DA8-0F3A-4A2C-A333-629DAFAE8C9F}.Debug|Any CPU.Build.0 = Debug|Any CPU
		{6C110DA8-0F3A-4A2C-A333-629DAFAE8C9F}.Release|Any CPU.ActiveCfg = Release|Any CPU
		{6C110DA8-0F3A-4A2C-A333-629DAFAE8C9F}.Release|Any CPU.Build.0 = Release|Any CPU
		{5A2826CA-92DD-47C7-803C-80E36AE9925A}.Debug|Any CPU.ActiveCfg = Debug|Any CPU
		{5A2826CA-92DD-47C7-803C-80E36AE9925A}.Debug|Any CPU.Build.0 = Debug|Any CPU
		{5A2826CA-92DD-47C7-803C-80E36AE9925A}.Release|Any CPU.ActiveCfg = Release|Any CPU
		{5A2826CA-92DD-47C7-803C-80E36AE9925A}.Release|Any CPU.Build.0 = Release|Any CPU
		{B296DB14-133B-40C0-9174-44BF40DBAFCE}.Debug|Any CPU.ActiveCfg = Debug|Any CPU
		{B296DB14-133B-40C0-9174-44BF40DBAFCE}.Debug|Any CPU.Build.0 = Debug|Any CPU
		{B296DB14-133B-40C0-9174-44BF40DBAFCE}.Release|Any CPU.ActiveCfg = Release|Any CPU
		{B296DB14-133B-40C0-9174-44BF40DBAFCE}.Release|Any CPU.Build.0 = Release|Any CPU
		{46A1F1CE-3D40-4019-BCF0-65695265E43B}.Debug|Any CPU.ActiveCfg = Debug|Any CPU
		{46A1F1CE-3D40-4019-BCF0-65695265E43B}.Debug|Any CPU.Build.0 = Debug|Any CPU
		{46A1F1CE-3D40-4019-BCF0-65695265E43B}.Release|Any CPU.ActiveCfg = Release|Any CPU
		{46A1F1CE-3D40-4019-BCF0-65695265E43B}.Release|Any CPU.Build.0 = Release|Any CPU
		{EC25E5DA-E403-4C3A-990D-20562B2BD152}.Debug|Any CPU.ActiveCfg = Debug|Any CPU
		{EC25E5DA-E403-4C3A-990D-20562B2BD152}.Debug|Any CPU.Build.0 = Debug|Any CPU
		{EC25E5DA-E403-4C3A-990D-20562B2BD152}.Release|Any CPU.ActiveCfg = Release|Any CPU
		{EC25E5DA-E403-4C3A-990D-20562B2BD152}.Release|Any CPU.Build.0 = Release|Any CPU
		{8817A9E3-4D95-4926-ADCD-EC9BE114DECD}.Debug|Any CPU.ActiveCfg = Debug|Any CPU
		{8817A9E3-4D95-4926-ADCD-EC9BE114DECD}.Debug|Any CPU.Build.0 = Debug|Any CPU
		{8817A9E3-4D95-4926-ADCD-EC9BE114DECD}.Release|Any CPU.ActiveCfg = Release|Any CPU
		{8817A9E3-4D95-4926-ADCD-EC9BE114DECD}.Release|Any CPU.Build.0 = Release|Any CPU
		{3C898401-7653-4851-9432-8A6B733E56DB}.Debug|Any CPU.ActiveCfg = Debug|Any CPU
		{3C898401-7653-4851-9432-8A6B733E56DB}.Debug|Any CPU.Build.0 = Debug|Any CPU
		{3C898401-7653-4851-9432-8A6B733E56DB}.Release|Any CPU.ActiveCfg = Release|Any CPU
		{3C898401-7653-4851-9432-8A6B733E56DB}.Release|Any CPU.Build.0 = Release|Any CPU
		{CAA5E029-8C89-4826-B08B-3B74596792B6}.Debug|Any CPU.ActiveCfg = Debug|Any CPU
		{CAA5E029-8C89-4826-B08B-3B74596792B6}.Debug|Any CPU.Build.0 = Debug|Any CPU
		{CAA5E029-8C89-4826-B08B-3B74596792B6}.Release|Any CPU.ActiveCfg = Release|Any CPU
		{CAA5E029-8C89-4826-B08B-3B74596792B6}.Release|Any CPU.Build.0 = Release|Any CPU
		{960BDD03-2191-4ED3-8C51-ADD37FC20520}.Debug|Any CPU.ActiveCfg = Debug|Any CPU
		{960BDD03-2191-4ED3-8C51-ADD37FC20520}.Debug|Any CPU.Build.0 = Debug|Any CPU
		{960BDD03-2191-4ED3-8C51-ADD37FC20520}.Release|Any CPU.ActiveCfg = Release|Any CPU
		{960BDD03-2191-4ED3-8C51-ADD37FC20520}.Release|Any CPU.Build.0 = Release|Any CPU
		{F1DA305B-4B13-43B1-88A7-DF9C7797EFBD}.Debug|Any CPU.ActiveCfg = Debug|Any CPU
		{F1DA305B-4B13-43B1-88A7-DF9C7797EFBD}.Debug|Any CPU.Build.0 = Debug|Any CPU
		{F1DA305B-4B13-43B1-88A7-DF9C7797EFBD}.Release|Any CPU.ActiveCfg = Release|Any CPU
		{F1DA305B-4B13-43B1-88A7-DF9C7797EFBD}.Release|Any CPU.Build.0 = Release|Any CPU
		{94E51DAB-B7FF-4470-9802-53733B07132D}.Debug|Any CPU.ActiveCfg = Debug|Any CPU
		{94E51DAB-B7FF-4470-9802-53733B07132D}.Debug|Any CPU.Build.0 = Debug|Any CPU
		{94E51DAB-B7FF-4470-9802-53733B07132D}.Release|Any CPU.ActiveCfg = Release|Any CPU
		{94E51DAB-B7FF-4470-9802-53733B07132D}.Release|Any CPU.Build.0 = Release|Any CPU
		{8310CD60-E6B9-4A30-A919-9E6546759434}.Debug|Any CPU.ActiveCfg = Debug|Any CPU
		{8310CD60-E6B9-4A30-A919-9E6546759434}.Debug|Any CPU.Build.0 = Debug|Any CPU
		{8310CD60-E6B9-4A30-A919-9E6546759434}.Release|Any CPU.ActiveCfg = Release|Any CPU
		{8310CD60-E6B9-4A30-A919-9E6546759434}.Release|Any CPU.Build.0 = Release|Any CPU
		{78E59672-3270-4B27-970E-C5241F5D36DC}.Debug|Any CPU.ActiveCfg = Debug|Any CPU
		{78E59672-3270-4B27-970E-C5241F5D36DC}.Debug|Any CPU.Build.0 = Debug|Any CPU
		{78E59672-3270-4B27-970E-C5241F5D36DC}.Release|Any CPU.ActiveCfg = Release|Any CPU
		{78E59672-3270-4B27-970E-C5241F5D36DC}.Release|Any CPU.Build.0 = Release|Any CPU
		{0D1490EB-AED7-4949-8A4F-864646BD7115}.Debug|Any CPU.ActiveCfg = Debug|Any CPU
		{0D1490EB-AED7-4949-8A4F-864646BD7115}.Debug|Any CPU.Build.0 = Debug|Any CPU
		{0D1490EB-AED7-4949-8A4F-864646BD7115}.Release|Any CPU.ActiveCfg = Release|Any CPU
		{0D1490EB-AED7-4949-8A4F-864646BD7115}.Release|Any CPU.Build.0 = Release|Any CPU
		{AF8886A7-B93C-40DF-89B8-980C455C79BD}.Debug|Any CPU.ActiveCfg = Debug|Any CPU
		{AF8886A7-B93C-40DF-89B8-980C455C79BD}.Debug|Any CPU.Build.0 = Debug|Any CPU
		{AF8886A7-B93C-40DF-89B8-980C455C79BD}.Release|Any CPU.ActiveCfg = Release|Any CPU
		{AF8886A7-B93C-40DF-89B8-980C455C79BD}.Release|Any CPU.Build.0 = Release|Any CPU
	EndGlobalSection
	GlobalSection(SolutionProperties) = preSolution
		HideSolutionNode = FALSE
	EndGlobalSection
	GlobalSection(NestedProjects) = preSolution
		{DD0DA58A-295B-409A-8587-795D9F4B823B} = {5E52F63C-3C2B-4D3E-A322-385DDA566A49}
		{13103C29-2499-44A1-8AA7-D76D2493C77D} = {DD0DA58A-295B-409A-8587-795D9F4B823B}
		{C92E2F54-DE0E-4416-8CA3-1FA9D644A7AA} = {13103C29-2499-44A1-8AA7-D76D2493C77D}
		{35C937F7-0552-44D4-AC1E-A1AA5F3A4685} = {DD0DA58A-295B-409A-8587-795D9F4B823B}
		{676F5B77-C292-4FA1-B7BF-50AA93DC54E7} = {DD0DA58A-295B-409A-8587-795D9F4B823B}
		{FD2E0C51-4A11-457B-812E-2FD3CB55F405} = {35C937F7-0552-44D4-AC1E-A1AA5F3A4685}
		{5FA61BF8-8762-4AEE-9077-948828EA56FB} = {13103C29-2499-44A1-8AA7-D76D2493C77D}
		{98429FBE-3677-450E-977D-077C3F12F8D5} = {35C937F7-0552-44D4-AC1E-A1AA5F3A4685}
		{6C110DA8-0F3A-4A2C-A333-629DAFAE8C9F} = {676F5B77-C292-4FA1-B7BF-50AA93DC54E7}
		{5A2826CA-92DD-47C7-803C-80E36AE9925A} = {676F5B77-C292-4FA1-B7BF-50AA93DC54E7}
		{B296DB14-133B-40C0-9174-44BF40DBAFCE} = {676F5B77-C292-4FA1-B7BF-50AA93DC54E7}
		{9C671067-78F5-4F46-B65A-4B72F58E8863} = {5E52F63C-3C2B-4D3E-A322-385DDA566A49}
		{FB4C974A-4EAB-48B6-BB8A-058061DA7055} = {9C671067-78F5-4F46-B65A-4B72F58E8863}
		{46A1F1CE-3D40-4019-BCF0-65695265E43B} = {FB4C974A-4EAB-48B6-BB8A-058061DA7055}
		{FE25B611-52C6-4375-B3B6-2A129B7398EE} = {80CA384F-CE25-4846-ABB9-594C9B2D75AC}
		{EC25E5DA-E403-4C3A-990D-20562B2BD152} = {FE25B611-52C6-4375-B3B6-2A129B7398EE}
		{8817A9E3-4D95-4926-ADCD-EC9BE114DECD} = {FE25B611-52C6-4375-B3B6-2A129B7398EE}
		{3C898401-7653-4851-9432-8A6B733E56DB} = {FE25B611-52C6-4375-B3B6-2A129B7398EE}
		{CAA5E029-8C89-4826-B08B-3B74596792B6} = {29FFA823-C2FE-46CF-B3F2-658411BEEFB6}
		{960BDD03-2191-4ED3-8C51-ADD37FC20520} = {128DC127-CA16-4686-8810-753D45A182B0}
		{F1DA305B-4B13-43B1-88A7-DF9C7797EFBD} = {128DC127-CA16-4686-8810-753D45A182B0}
		{94E51DAB-B7FF-4470-9802-53733B07132D} = {128DC127-CA16-4686-8810-753D45A182B0}
		{8310CD60-E6B9-4A30-A919-9E6546759434} = {128DC127-CA16-4686-8810-753D45A182B0}
		{78E59672-3270-4B27-970E-C5241F5D36DC} = {128DC127-CA16-4686-8810-753D45A182B0}
		{0D1490EB-AED7-4949-8A4F-864646BD7115} = {29DA7014-A039-49BB-B489-8C05154DBFDB}
		{AF8886A7-B93C-40DF-89B8-980C455C79BD} = {35C937F7-0552-44D4-AC1E-A1AA5F3A4685}
	EndGlobalSection
	GlobalSection(ExtensibilityGlobals) = postSolution
		SolutionGuid = {011CD153-BC8A-4A6B-B159-386170CBD37C}
	EndGlobalSection
EndGlobal
